
Microsoft Visual Studio Solution File, Format Version 12.00
# Visual Studio Version 16
VisualStudioVersion = 16.0.31624.102
MinimumVisualStudioVersion = 10.0.40219.1
Project("{FAE04EC0-301F-11D3-BF4B-00C04F79EFBC}") = "TomeOfTheFirebird", "TomeOfTheFirebird\TomeOfTheFirebird.csproj", "{9A5FDAB0-E419-472E-A88B-AA0D977802AD}"
EndProject
Project("{2150E333-8FDC-42A3-9474-1A3956D46DE8}") = "Solution Items", "Solution Items", "{66912B28-5F4A-4D82-84AA-B912B13CDC99}"
	ProjectSection(SolutionItems) = preProject
		Readme.md = Readme.md
	EndProjectSection
EndProject
Global
	GlobalSection(SolutionConfigurationPlatforms) = preSolution
		Debug|Any CPU = Debug|Any CPU
		Release|Any CPU = Release|Any CPU
	EndGlobalSection
	GlobalSection(ProjectConfigurationPlatforms) = postSolution
		{9A5FDAB0-E419-472E-A88B-AA0D977802AD}.Debug|Any CPU.ActiveCfg = Debug|Any CPU
		{9A5FDAB0-E419-472E-A88B-AA0D977802AD}.Debug|Any CPU.Build.0 = Debug|Any CPU
		{9A5FDAB0-E419-472E-A88B-AA0D977802AD}.Release|Any CPU.ActiveCfg = Release|Any CPU
		{9A5FDAB0-E419-472E-A88B-AA0D977802AD}.Release|Any CPU.Build.0 = Release|Any CPU
	EndGlobalSection
	GlobalSection(SolutionProperties) = preSolution
		HideSolutionNode = FALSE
	EndGlobalSection
	GlobalSection(ExtensibilityGlobals) = postSolution
		SolutionGuid = {8C1F9191-8D0D-4680-B6F4-D82A7D52CAA2}
	EndGlobalSection
EndGlobal
